
Microsoft Visual Studio Solution File, Format Version 12.00
# Visual Studio 2013
VisualStudioVersion = 12.0.31101.0
MinimumVisualStudioVersion = 10.0.40219.1
Project("{FAE04EC0-301F-11D3-BF4B-00C04F79EFBC}") = "SudokuSolver", "SudokuSolver\SudokuSolver.csproj", "{63A7AEDA-F0D7-42E1-B8A5-27640E8B82CA}"
EndProject
Project("{FAE04EC0-301F-11D3-BF4B-00C04F79EFBC}") = "SudokuSolver.Tests", "SudoluSolver.Tests\SudokuSolver.Tests.csproj", "{38EB2774-0D59-4D09-86F3-F6468749B48E}"
EndProject
Global
	GlobalSection(SolutionConfigurationPlatforms) = preSolution
		Debug|Any CPU = Debug|Any CPU
		Release|Any CPU = Release|Any CPU
	EndGlobalSection
	GlobalSection(ProjectConfigurationPlatforms) = postSolution
		{63A7AEDA-F0D7-42E1-B8A5-27640E8B82CA}.Debug|Any CPU.ActiveCfg = Debug|Any CPU
		{63A7AEDA-F0D7-42E1-B8A5-27640E8B82CA}.Debug|Any CPU.Build.0 = Debug|Any CPU
		{63A7AEDA-F0D7-42E1-B8A5-27640E8B82CA}.Release|Any CPU.ActiveCfg = Release|Any CPU
		{63A7AEDA-F0D7-42E1-B8A5-27640E8B82CA}.Release|Any CPU.Build.0 = Release|Any CPU
		{38EB2774-0D59-4D09-86F3-F6468749B48E}.Debug|Any CPU.ActiveCfg = Debug|Any CPU
		{38EB2774-0D59-4D09-86F3-F6468749B48E}.Debug|Any CPU.Build.0 = Debug|Any CPU
		{38EB2774-0D59-4D09-86F3-F6468749B48E}.Release|Any CPU.ActiveCfg = Release|Any CPU
		{38EB2774-0D59-4D09-86F3-F6468749B48E}.Release|Any CPU.Build.0 = Release|Any CPU
	EndGlobalSection
	GlobalSection(SolutionProperties) = preSolution
		HideSolutionNode = FALSE
	EndGlobalSection
EndGlobal
